// !$*UTF8*$!
{
	archiveVersion = 1;
	classes = {
	};
	objectVersion = 56;
	objects = {

/* Begin PBXBuildFile section */
		71E11A362AA54E8900DA8FF2 /* IntentApp.swift in Sources */ = {isa = PBXBuildFile; fileRef = 71E11A352AA54E8900DA8FF2 /* IntentApp.swift */; };
		71E11A382AA54E8900DA8FF2 /* ContentView.swift in Sources */ = {isa = PBXBuildFile; fileRef = 71E11A372AA54E8900DA8FF2 /* ContentView.swift */; };
		71E11A3A2AA54E8A00DA8FF2 /* Assets.xcassets in Resources */ = {isa = PBXBuildFile; fileRef = 71E11A392AA54E8A00DA8FF2 /* Assets.xcassets */; };
		71E11A3D2AA54E8A00DA8FF2 /* Preview Assets.xcassets in Resources */ = {isa = PBXBuildFile; fileRef = 71E11A3C2AA54E8A00DA8FF2 /* Preview Assets.xcassets */; };
		71E11A472AA54E8A00DA8FF2 /* IntentTests.swift in Sources */ = {isa = PBXBuildFile; fileRef = 71E11A462AA54E8A00DA8FF2 /* IntentTests.swift */; };
		71E11A512AA54E8A00DA8FF2 /* IntentUITests.swift in Sources */ = {isa = PBXBuildFile; fileRef = 71E11A502AA54E8A00DA8FF2 /* IntentUITests.swift */; };
		71E11A532AA54E8A00DA8FF2 /* IntentUITestsLaunchTests.swift in Sources */ = {isa = PBXBuildFile; fileRef = 71E11A522AA54E8A00DA8FF2 /* IntentUITestsLaunchTests.swift */; };
		71E11A682AA54F4700DA8FF2 /* LoginViewModel.swift in Sources */ = {isa = PBXBuildFile; fileRef = 71E11A672AA54F4700DA8FF2 /* LoginViewModel.swift */; };
		71E11A6B2AA54F5E00DA8FF2 /* AuthenticationService.swift in Sources */ = {isa = PBXBuildFile; fileRef = 71E11A6A2AA54F5E00DA8FF2 /* AuthenticationService.swift */; };
		71E11A6D2AA54F7700DA8FF2 /* User.swift in Sources */ = {isa = PBXBuildFile; fileRef = 71E11A6C2AA54F7700DA8FF2 /* User.swift */; };
		71E11A6F2AA54F8A00DA8FF2 /* LoginView.swift in Sources */ = {isa = PBXBuildFile; fileRef = 71E11A6E2AA54F8A00DA8FF2 /* LoginView.swift */; };
		71E11A712AA54F9100DA8FF2 /* ProfileView.swift in Sources */ = {isa = PBXBuildFile; fileRef = 71E11A702AA54F9100DA8FF2 /* ProfileView.swift */; };
		71E11A732AA54FA400DA8FF2 /* SwipeableView.swift in Sources */ = {isa = PBXBuildFile; fileRef = 71E11A722AA54FA400DA8FF2 /* SwipeableView.swift */; };
		71E11A752AA553FB00DA8FF2 /* FeedbackView.swift in Sources */ = {isa = PBXBuildFile; fileRef = 71E11A742AA553FB00DA8FF2 /* FeedbackView.swift */; };
		71E11A782AA5541700DA8FF2 /* ListView.swift in Sources */ = {isa = PBXBuildFile; fileRef = 71E11A772AA5541700DA8FF2 /* ListView.swift */; };
		71E11A7B2AA5599B00DA8FF2 /* FirebaseAuth in Frameworks */ = {isa = PBXBuildFile; productRef = 71E11A7A2AA5599B00DA8FF2 /* FirebaseAuth */; };
		71E11A7D2AA5599B00DA8FF2 /* FirebaseFirestore in Frameworks */ = {isa = PBXBuildFile; productRef = 71E11A7C2AA5599B00DA8FF2 /* FirebaseFirestore */; };
		71E11A852AA5616500DA8FF2 /* GoogleService-Info.plist in Resources */ = {isa = PBXBuildFile; fileRef = 71E11A842AA5616500DA8FF2 /* GoogleService-Info.plist */; };
		71E11A892AA569F300DA8FF2 /* CreateProfileView.swift in Sources */ = {isa = PBXBuildFile; fileRef = 71E11A882AA569F300DA8FF2 /* CreateProfileView.swift */; };
		71E11A8C2AA5772400DA8FF2 /* LogoutLinkView.swift in Sources */ = {isa = PBXBuildFile; fileRef = 71E11A8B2AA5772400DA8FF2 /* LogoutLinkView.swift */; };
		71E11A8F2AA665FC00DA8FF2 /* FirebaseStorage in Frameworks */ = {isa = PBXBuildFile; productRef = 71E11A8E2AA665FC00DA8FF2 /* FirebaseStorage */; };
		71E11A922AA66BC600DA8FF2 /* ImagePicker.swift in Sources */ = {isa = PBXBuildFile; fileRef = 71E11A912AA66BC600DA8FF2 /* ImagePicker.swift */; };
		71E11A942AA66F8C00DA8FF2 /* SessionStore.swift in Sources */ = {isa = PBXBuildFile; fileRef = 71E11A932AA66F8C00DA8FF2 /* SessionStore.swift */; };
		71E11A972AA679E100DA8FF2 /* CardView.swift in Sources */ = {isa = PBXBuildFile; fileRef = 71E11A962AA679E100DA8FF2 /* CardView.swift */; };
		71E11A9A2AA67A4300DA8FF2 /* SDWebImageSwiftUI in Frameworks */ = {isa = PBXBuildFile; productRef = 71E11A992AA67A4300DA8FF2 /* SDWebImageSwiftUI */; };
		71E11A9E2AA67E2C00DA8FF2 /* FirebaseFirestoreSwift in Frameworks */ = {isa = PBXBuildFile; productRef = 71E11A9D2AA67E2C00DA8FF2 /* FirebaseFirestoreSwift */; };
		71E11AA12AA6D7F900DA8FF2 /* MatchesView.swift in Sources */ = {isa = PBXBuildFile; fileRef = 71E11AA02AA6D7F900DA8FF2 /* MatchesView.swift */; };
		71E11AA42AA7A6DD00DA8FF2 /* MainView.swift in Sources */ = {isa = PBXBuildFile; fileRef = 71E11AA32AA7A6DD00DA8FF2 /* MainView.swift */; };
		71E11AA72AA7CCD000DA8FF2 /* ControllableScrollView.swift in Sources */ = {isa = PBXBuildFile; fileRef = 71E11AA62AA7CCD000DA8FF2 /* ControllableScrollView.swift */; };
		71E11AAA2AA81E6500DA8FF2 /* MessagingView.swift in Sources */ = {isa = PBXBuildFile; fileRef = 71E11AA92AA81E6500DA8FF2 /* MessagingView.swift */; };
		71E11AAC2AA8EAE500DA8FF2 /* Message.swift in Sources */ = {isa = PBXBuildFile; fileRef = 71E11AAB2AA8EAE500DA8FF2 /* Message.swift */; };
		71E11AAE2AA8EB3500DA8FF2 /* MessagingViewModel.swift in Sources */ = {isa = PBXBuildFile; fileRef = 71E11AAD2AA8EB3500DA8FF2 /* MessagingViewModel.swift */; };
		71E11AB12AA8F0C600DA8FF2 /* FilterView.swift in Sources */ = {isa = PBXBuildFile; fileRef = 71E11AB02AA8F0C600DA8FF2 /* FilterView.swift */; };
		71E11AB32AA9004B00DA8FF2 /* RefreshFlag.swift in Sources */ = {isa = PBXBuildFile; fileRef = 71E11AB22AA9004B00DA8FF2 /* RefreshFlag.swift */; };
		71E11AB52AA902FB00DA8FF2 /* PersonalProfileView.swift in Sources */ = {isa = PBXBuildFile; fileRef = 71E11AB42AA902FB00DA8FF2 /* PersonalProfileView.swift */; };
		71E11ABD2AAA405300DA8FF2 /* RatingAlertView.swift in Sources */ = {isa = PBXBuildFile; fileRef = 71E11ABC2AAA405300DA8FF2 /* RatingAlertView.swift */; };
		71E11AC12AAA43AC00DA8FF2 /* Rating.swift in Sources */ = {isa = PBXBuildFile; fileRef = 71E11AC02AAA43AC00DA8FF2 /* Rating.swift */; };
		71E11AC32AAA682500DA8FF2 /* UserRatingsView.swift in Sources */ = {isa = PBXBuildFile; fileRef = 71E11AC22AAA682500DA8FF2 /* UserRatingsView.swift */; };
		71E11AC52AAA697E00DA8FF2 /* RatingCategoryView.swift in Sources */ = {isa = PBXBuildFile; fileRef = 71E11AC42AAA697E00DA8FF2 /* RatingCategoryView.swift */; };
		71E11AC72AAA6AB400DA8FF2 /* AddRatingView.swift in Sources */ = {isa = PBXBuildFile; fileRef = 71E11AC62AAA6AB400DA8FF2 /* AddRatingView.swift */; };
/* End PBXBuildFile section */

/* Begin PBXContainerItemProxy section */
		71E11A432AA54E8A00DA8FF2 /* PBXContainerItemProxy */ = {
			isa = PBXContainerItemProxy;
			containerPortal = 71E11A2A2AA54E8900DA8FF2 /* Project object */;
			proxyType = 1;
			remoteGlobalIDString = 71E11A312AA54E8900DA8FF2;
			remoteInfo = Intent;
		};
		71E11A4D2AA54E8A00DA8FF2 /* PBXContainerItemProxy */ = {
			isa = PBXContainerItemProxy;
			containerPortal = 71E11A2A2AA54E8900DA8FF2 /* Project object */;
			proxyType = 1;
			remoteGlobalIDString = 71E11A312AA54E8900DA8FF2;
			remoteInfo = Intent;
		};
/* End PBXContainerItemProxy section */

/* Begin PBXFileReference section */
		71E11A322AA54E8900DA8FF2 /* Intent.app */ = {isa = PBXFileReference; explicitFileType = wrapper.application; includeInIndex = 0; path = Intent.app; sourceTree = BUILT_PRODUCTS_DIR; };
		71E11A352AA54E8900DA8FF2 /* IntentApp.swift */ = {isa = PBXFileReference; lastKnownFileType = sourcecode.swift; path = IntentApp.swift; sourceTree = "<group>"; };
		71E11A372AA54E8900DA8FF2 /* ContentView.swift */ = {isa = PBXFileReference; lastKnownFileType = sourcecode.swift; path = ContentView.swift; sourceTree = "<group>"; };
		71E11A392AA54E8A00DA8FF2 /* Assets.xcassets */ = {isa = PBXFileReference; lastKnownFileType = folder.assetcatalog; path = Assets.xcassets; sourceTree = "<group>"; };
		71E11A3C2AA54E8A00DA8FF2 /* Preview Assets.xcassets */ = {isa = PBXFileReference; lastKnownFileType = folder.assetcatalog; path = "Preview Assets.xcassets"; sourceTree = "<group>"; };
		71E11A422AA54E8A00DA8FF2 /* IntentTests.xctest */ = {isa = PBXFileReference; explicitFileType = wrapper.cfbundle; includeInIndex = 0; path = IntentTests.xctest; sourceTree = BUILT_PRODUCTS_DIR; };
		71E11A462AA54E8A00DA8FF2 /* IntentTests.swift */ = {isa = PBXFileReference; lastKnownFileType = sourcecode.swift; path = IntentTests.swift; sourceTree = "<group>"; };
		71E11A4C2AA54E8A00DA8FF2 /* IntentUITests.xctest */ = {isa = PBXFileReference; explicitFileType = wrapper.cfbundle; includeInIndex = 0; path = IntentUITests.xctest; sourceTree = BUILT_PRODUCTS_DIR; };
		71E11A502AA54E8A00DA8FF2 /* IntentUITests.swift */ = {isa = PBXFileReference; lastKnownFileType = sourcecode.swift; path = IntentUITests.swift; sourceTree = "<group>"; };
		71E11A522AA54E8A00DA8FF2 /* IntentUITestsLaunchTests.swift */ = {isa = PBXFileReference; lastKnownFileType = sourcecode.swift; path = IntentUITestsLaunchTests.swift; sourceTree = "<group>"; };
		71E11A672AA54F4700DA8FF2 /* LoginViewModel.swift */ = {isa = PBXFileReference; lastKnownFileType = sourcecode.swift; path = LoginViewModel.swift; sourceTree = "<group>"; };
		71E11A6A2AA54F5E00DA8FF2 /* AuthenticationService.swift */ = {isa = PBXFileReference; lastKnownFileType = sourcecode.swift; path = AuthenticationService.swift; sourceTree = "<group>"; };
		71E11A6C2AA54F7700DA8FF2 /* User.swift */ = {isa = PBXFileReference; lastKnownFileType = sourcecode.swift; path = User.swift; sourceTree = "<group>"; };
		71E11A6E2AA54F8A00DA8FF2 /* LoginView.swift */ = {isa = PBXFileReference; lastKnownFileType = sourcecode.swift; path = LoginView.swift; sourceTree = "<group>"; };
		71E11A702AA54F9100DA8FF2 /* ProfileView.swift */ = {isa = PBXFileReference; lastKnownFileType = sourcecode.swift; path = ProfileView.swift; sourceTree = "<group>"; };
		71E11A722AA54FA400DA8FF2 /* SwipeableView.swift */ = {isa = PBXFileReference; lastKnownFileType = sourcecode.swift; path = SwipeableView.swift; sourceTree = "<group>"; };
		71E11A742AA553FB00DA8FF2 /* FeedbackView.swift */ = {isa = PBXFileReference; lastKnownFileType = sourcecode.swift; path = FeedbackView.swift; sourceTree = "<group>"; };
		71E11A772AA5541700DA8FF2 /* ListView.swift */ = {isa = PBXFileReference; lastKnownFileType = sourcecode.swift; path = ListView.swift; sourceTree = "<group>"; };
		71E11A842AA5616500DA8FF2 /* GoogleService-Info.plist */ = {isa = PBXFileReference; fileEncoding = 4; lastKnownFileType = text.plist.xml; path = "GoogleService-Info.plist"; sourceTree = "<group>"; };
		71E11A882AA569F300DA8FF2 /* CreateProfileView.swift */ = {isa = PBXFileReference; lastKnownFileType = sourcecode.swift; path = CreateProfileView.swift; sourceTree = "<group>"; };
		71E11A8B2AA5772400DA8FF2 /* LogoutLinkView.swift */ = {isa = PBXFileReference; lastKnownFileType = sourcecode.swift; path = LogoutLinkView.swift; sourceTree = "<group>"; };
		71E11A912AA66BC600DA8FF2 /* ImagePicker.swift */ = {isa = PBXFileReference; lastKnownFileType = sourcecode.swift; path = ImagePicker.swift; sourceTree = "<group>"; };
		71E11A932AA66F8C00DA8FF2 /* SessionStore.swift */ = {isa = PBXFileReference; lastKnownFileType = sourcecode.swift; path = SessionStore.swift; sourceTree = "<group>"; };
		71E11A962AA679E100DA8FF2 /* CardView.swift */ = {isa = PBXFileReference; lastKnownFileType = sourcecode.swift; path = CardView.swift; sourceTree = "<group>"; };
		71E11AA02AA6D7F900DA8FF2 /* MatchesView.swift */ = {isa = PBXFileReference; lastKnownFileType = sourcecode.swift; path = MatchesView.swift; sourceTree = "<group>"; };
		71E11AA32AA7A6DD00DA8FF2 /* MainView.swift */ = {isa = PBXFileReference; lastKnownFileType = sourcecode.swift; path = MainView.swift; sourceTree = "<group>"; };
		71E11AA62AA7CCD000DA8FF2 /* ControllableScrollView.swift */ = {isa = PBXFileReference; lastKnownFileType = sourcecode.swift; path = ControllableScrollView.swift; sourceTree = "<group>"; };
		71E11AA92AA81E6500DA8FF2 /* MessagingView.swift */ = {isa = PBXFileReference; lastKnownFileType = sourcecode.swift; path = MessagingView.swift; sourceTree = "<group>"; };
		71E11AAB2AA8EAE500DA8FF2 /* Message.swift */ = {isa = PBXFileReference; lastKnownFileType = sourcecode.swift; path = Message.swift; sourceTree = "<group>"; };
		71E11AAD2AA8EB3500DA8FF2 /* MessagingViewModel.swift */ = {isa = PBXFileReference; lastKnownFileType = sourcecode.swift; path = MessagingViewModel.swift; sourceTree = "<group>"; };
		71E11AB02AA8F0C600DA8FF2 /* FilterView.swift */ = {isa = PBXFileReference; lastKnownFileType = sourcecode.swift; path = FilterView.swift; sourceTree = "<group>"; };
		71E11AB22AA9004B00DA8FF2 /* RefreshFlag.swift */ = {isa = PBXFileReference; lastKnownFileType = sourcecode.swift; path = RefreshFlag.swift; sourceTree = "<group>"; };
		71E11AB42AA902FB00DA8FF2 /* PersonalProfileView.swift */ = {isa = PBXFileReference; lastKnownFileType = sourcecode.swift; path = PersonalProfileView.swift; sourceTree = "<group>"; };
		71E11ABC2AAA405300DA8FF2 /* RatingAlertView.swift */ = {isa = PBXFileReference; lastKnownFileType = sourcecode.swift; path = RatingAlertView.swift; sourceTree = "<group>"; };
		71E11AC02AAA43AC00DA8FF2 /* Rating.swift */ = {isa = PBXFileReference; lastKnownFileType = sourcecode.swift; path = Rating.swift; sourceTree = "<group>"; };
		71E11AC22AAA682500DA8FF2 /* UserRatingsView.swift */ = {isa = PBXFileReference; lastKnownFileType = sourcecode.swift; path = UserRatingsView.swift; sourceTree = "<group>"; };
		71E11AC42AAA697E00DA8FF2 /* RatingCategoryView.swift */ = {isa = PBXFileReference; lastKnownFileType = sourcecode.swift; path = RatingCategoryView.swift; sourceTree = "<group>"; };
		71E11AC62AAA6AB400DA8FF2 /* AddRatingView.swift */ = {isa = PBXFileReference; lastKnownFileType = sourcecode.swift; path = AddRatingView.swift; sourceTree = "<group>"; };
/* End PBXFileReference section */

/* Begin PBXFrameworksBuildPhase section */
		71E11A2F2AA54E8900DA8FF2 /* Frameworks */ = {
			isa = PBXFrameworksBuildPhase;
			buildActionMask = 2147483647;
			files = (
				71E11A9E2AA67E2C00DA8FF2 /* FirebaseFirestoreSwift in Frameworks */,
				71E11A9A2AA67A4300DA8FF2 /* SDWebImageSwiftUI in Frameworks */,
				71E11A7B2AA5599B00DA8FF2 /* FirebaseAuth in Frameworks */,
				71E11A7D2AA5599B00DA8FF2 /* FirebaseFirestore in Frameworks */,
				71E11A8F2AA665FC00DA8FF2 /* FirebaseStorage in Frameworks */,
			);
			runOnlyForDeploymentPostprocessing = 0;
		};
		71E11A3F2AA54E8A00DA8FF2 /* Frameworks */ = {
			isa = PBXFrameworksBuildPhase;
			buildActionMask = 2147483647;
			files = (
			);
			runOnlyForDeploymentPostprocessing = 0;
		};
		71E11A492AA54E8A00DA8FF2 /* Frameworks */ = {
			isa = PBXFrameworksBuildPhase;
			buildActionMask = 2147483647;
			files = (
			);
			runOnlyForDeploymentPostprocessing = 0;
		};
/* End PBXFrameworksBuildPhase section */

/* Begin PBXGroup section */
		71E11A292AA54E8900DA8FF2 = {
			isa = PBXGroup;
			children = (
				71E11A342AA54E8900DA8FF2 /* Intent */,
				71E11A452AA54E8A00DA8FF2 /* IntentTests */,
				71E11A4F2AA54E8A00DA8FF2 /* IntentUITests */,
				71E11A332AA54E8900DA8FF2 /* Products */,
				71E11A8D2AA665FC00DA8FF2 /* Frameworks */,
			);
			sourceTree = "<group>";
		};
		71E11A332AA54E8900DA8FF2 /* Products */ = {
			isa = PBXGroup;
			children = (
				71E11A322AA54E8900DA8FF2 /* Intent.app */,
				71E11A422AA54E8A00DA8FF2 /* IntentTests.xctest */,
				71E11A4C2AA54E8A00DA8FF2 /* IntentUITests.xctest */,
			);
			name = Products;
			sourceTree = "<group>";
		};
		71E11A342AA54E8900DA8FF2 /* Intent */ = {
			isa = PBXGroup;
			children = (
				71E11A902AA66BBC00DA8FF2 /* Helpers */,
				71E11A5F2AA54EDF00DA8FF2 /* Models */,
				71E11A612AA54EEF00DA8FF2 /* Views */,
				71E11A662AA54F3000DA8FF2 /* ViewModels */,
				71E11A692AA54F5200DA8FF2 /* Services */,
				71E11A352AA54E8900DA8FF2 /* IntentApp.swift */,
				71E11A372AA54E8900DA8FF2 /* ContentView.swift */,
				71E11A392AA54E8A00DA8FF2 /* Assets.xcassets */,
				71E11A842AA5616500DA8FF2 /* GoogleService-Info.plist */,
				71E11A3B2AA54E8A00DA8FF2 /* Preview Content */,
			);
			path = Intent;
			sourceTree = "<group>";
		};
		71E11A3B2AA54E8A00DA8FF2 /* Preview Content */ = {
			isa = PBXGroup;
			children = (
				71E11A3C2AA54E8A00DA8FF2 /* Preview Assets.xcassets */,
			);
			path = "Preview Content";
			sourceTree = "<group>";
		};
		71E11A452AA54E8A00DA8FF2 /* IntentTests */ = {
			isa = PBXGroup;
			children = (
				71E11A462AA54E8A00DA8FF2 /* IntentTests.swift */,
			);
			path = IntentTests;
			sourceTree = "<group>";
		};
		71E11A4F2AA54E8A00DA8FF2 /* IntentUITests */ = {
			isa = PBXGroup;
			children = (
				71E11A502AA54E8A00DA8FF2 /* IntentUITests.swift */,
				71E11A522AA54E8A00DA8FF2 /* IntentUITestsLaunchTests.swift */,
			);
			path = IntentUITests;
			sourceTree = "<group>";
		};
		71E11A5F2AA54EDF00DA8FF2 /* Models */ = {
			isa = PBXGroup;
			children = (
				71E11A6C2AA54F7700DA8FF2 /* User.swift */,
				71E11AAB2AA8EAE500DA8FF2 /* Message.swift */,
				71E11AC02AAA43AC00DA8FF2 /* Rating.swift */,
			);
			path = Models;
			sourceTree = "<group>";
		};
		71E11A612AA54EEF00DA8FF2 /* Views */ = {
			isa = PBXGroup;
			children = (
				71E11AB92AAA401F00DA8FF2 /* Alert */,
				71E11AB62AAA348B00DA8FF2 /* Rating */,
				71E11AAF2AA8F0BB00DA8FF2 /* Filter */,
				71E11AA82AA81E5800DA8FF2 /* Messaging */,
				71E11AA52AA7CCC100DA8FF2 /* Scroll */,
				71E11AA22AA7A6CF00DA8FF2 /* Main */,
				71E11A9F2AA6D7F000DA8FF2 /* Matches */,
				71E11A952AA679CE00DA8FF2 /* UserCard */,
				71E11A8A2AA5771200DA8FF2 /* Logout */,
				71E11A622AA54EF800DA8FF2 /* Login */,
				71E11A632AA54EFC00DA8FF2 /* Profile */,
				71E11A652AA54F0800DA8FF2 /* Swipe */,
				71E11A642AA54F0000DA8FF2 /* Feedback */,
				71E11A762AA5540E00DA8FF2 /* List */,
			);
			path = Views;
			sourceTree = "<group>";
		};
		71E11A622AA54EF800DA8FF2 /* Login */ = {
			isa = PBXGroup;
			children = (
				71E11A6E2AA54F8A00DA8FF2 /* LoginView.swift */,
			);
			path = Login;
			sourceTree = "<group>";
		};
		71E11A632AA54EFC00DA8FF2 /* Profile */ = {
			isa = PBXGroup;
			children = (
				71E11A702AA54F9100DA8FF2 /* ProfileView.swift */,
				71E11A882AA569F300DA8FF2 /* CreateProfileView.swift */,
				71E11AB42AA902FB00DA8FF2 /* PersonalProfileView.swift */,
			);
			path = Profile;
			sourceTree = "<group>";
		};
		71E11A642AA54F0000DA8FF2 /* Feedback */ = {
			isa = PBXGroup;
			children = (
				71E11A742AA553FB00DA8FF2 /* FeedbackView.swift */,
			);
			path = Feedback;
			sourceTree = "<group>";
		};
		71E11A652AA54F0800DA8FF2 /* Swipe */ = {
			isa = PBXGroup;
			children = (
				71E11A722AA54FA400DA8FF2 /* SwipeableView.swift */,
			);
			path = Swipe;
			sourceTree = "<group>";
		};
		71E11A662AA54F3000DA8FF2 /* ViewModels */ = {
			isa = PBXGroup;
			children = (
				71E11A672AA54F4700DA8FF2 /* LoginViewModel.swift */,
				71E11AAD2AA8EB3500DA8FF2 /* MessagingViewModel.swift */,
			);
			path = ViewModels;
			sourceTree = "<group>";
		};
		71E11A692AA54F5200DA8FF2 /* Services */ = {
			isa = PBXGroup;
			children = (
				71E11A6A2AA54F5E00DA8FF2 /* AuthenticationService.swift */,
				71E11A932AA66F8C00DA8FF2 /* SessionStore.swift */,
			);
			path = Services;
			sourceTree = "<group>";
		};
		71E11A762AA5540E00DA8FF2 /* List */ = {
			isa = PBXGroup;
			children = (
				71E11A772AA5541700DA8FF2 /* ListView.swift */,
			);
			path = List;
			sourceTree = "<group>";
		};
		71E11A8A2AA5771200DA8FF2 /* Logout */ = {
			isa = PBXGroup;
			children = (
				71E11A8B2AA5772400DA8FF2 /* LogoutLinkView.swift */,
			);
			path = Logout;
			sourceTree = "<group>";
		};
		71E11A8D2AA665FC00DA8FF2 /* Frameworks */ = {
			isa = PBXGroup;
			children = (
			);
			name = Frameworks;
			sourceTree = "<group>";
		};
		71E11A902AA66BBC00DA8FF2 /* Helpers */ = {
			isa = PBXGroup;
			children = (
				71E11A912AA66BC600DA8FF2 /* ImagePicker.swift */,
				71E11AB22AA9004B00DA8FF2 /* RefreshFlag.swift */,
			);
			path = Helpers;
			sourceTree = "<group>";
		};
		71E11A952AA679CE00DA8FF2 /* UserCard */ = {
			isa = PBXGroup;
			children = (
				71E11A962AA679E100DA8FF2 /* CardView.swift */,
			);
			path = UserCard;
			sourceTree = "<group>";
		};
		71E11A9F2AA6D7F000DA8FF2 /* Matches */ = {
			isa = PBXGroup;
			children = (
				71E11AA02AA6D7F900DA8FF2 /* MatchesView.swift */,
			);
			path = Matches;
			sourceTree = "<group>";
		};
		71E11AA22AA7A6CF00DA8FF2 /* Main */ = {
			isa = PBXGroup;
			children = (
				71E11AA32AA7A6DD00DA8FF2 /* MainView.swift */,
			);
			path = Main;
			sourceTree = "<group>";
		};
		71E11AA52AA7CCC100DA8FF2 /* Scroll */ = {
			isa = PBXGroup;
			children = (
				71E11AA62AA7CCD000DA8FF2 /* ControllableScrollView.swift */,
			);
			path = Scroll;
			sourceTree = "<group>";
		};
		71E11AA82AA81E5800DA8FF2 /* Messaging */ = {
			isa = PBXGroup;
			children = (
				71E11AA92AA81E6500DA8FF2 /* MessagingView.swift */,
			);
			path = Messaging;
			sourceTree = "<group>";
		};
		71E11AAF2AA8F0BB00DA8FF2 /* Filter */ = {
			isa = PBXGroup;
			children = (
				71E11AB02AA8F0C600DA8FF2 /* FilterView.swift */,
			);
			path = Filter;
			sourceTree = "<group>";
		};
		71E11AB62AAA348B00DA8FF2 /* Rating */ = {
			isa = PBXGroup;
			children = (
				71E11AC22AAA682500DA8FF2 /* UserRatingsView.swift */,
				71E11AC42AAA697E00DA8FF2 /* RatingCategoryView.swift */,
				71E11AC62AAA6AB400DA8FF2 /* AddRatingView.swift */,
			);
			path = Rating;
			sourceTree = "<group>";
		};
		71E11AB92AAA401F00DA8FF2 /* Alert */ = {
			isa = PBXGroup;
			children = (
				71E11ABC2AAA405300DA8FF2 /* RatingAlertView.swift */,
			);
			path = Alert;
			sourceTree = "<group>";
		};
/* End PBXGroup section */

/* Begin PBXNativeTarget section */
		71E11A312AA54E8900DA8FF2 /* Intent */ = {
			isa = PBXNativeTarget;
			buildConfigurationList = 71E11A562AA54E8A00DA8FF2 /* Build configuration list for PBXNativeTarget "Intent" */;
			buildPhases = (
				71E11A2E2AA54E8900DA8FF2 /* Sources */,
				71E11A2F2AA54E8900DA8FF2 /* Frameworks */,
				71E11A302AA54E8900DA8FF2 /* Resources */,
			);
			buildRules = (
			);
			dependencies = (
			);
			name = Intent;
			packageProductDependencies = (
				71E11A7A2AA5599B00DA8FF2 /* FirebaseAuth */,
				71E11A7C2AA5599B00DA8FF2 /* FirebaseFirestore */,
				71E11A8E2AA665FC00DA8FF2 /* FirebaseStorage */,
				71E11A992AA67A4300DA8FF2 /* SDWebImageSwiftUI */,
				71E11A9D2AA67E2C00DA8FF2 /* FirebaseFirestoreSwift */,
			);
			productName = Intent;
			productReference = 71E11A322AA54E8900DA8FF2 /* Intent.app */;
			productType = "com.apple.product-type.application";
		};
		71E11A412AA54E8A00DA8FF2 /* IntentTests */ = {
			isa = PBXNativeTarget;
			buildConfigurationList = 71E11A592AA54E8A00DA8FF2 /* Build configuration list for PBXNativeTarget "IntentTests" */;
			buildPhases = (
				71E11A3E2AA54E8A00DA8FF2 /* Sources */,
				71E11A3F2AA54E8A00DA8FF2 /* Frameworks */,
				71E11A402AA54E8A00DA8FF2 /* Resources */,
			);
			buildRules = (
			);
			dependencies = (
				71E11A442AA54E8A00DA8FF2 /* PBXTargetDependency */,
			);
			name = IntentTests;
			productName = IntentTests;
			productReference = 71E11A422AA54E8A00DA8FF2 /* IntentTests.xctest */;
			productType = "com.apple.product-type.bundle.unit-test";
		};
		71E11A4B2AA54E8A00DA8FF2 /* IntentUITests */ = {
			isa = PBXNativeTarget;
			buildConfigurationList = 71E11A5C2AA54E8A00DA8FF2 /* Build configuration list for PBXNativeTarget "IntentUITests" */;
			buildPhases = (
				71E11A482AA54E8A00DA8FF2 /* Sources */,
				71E11A492AA54E8A00DA8FF2 /* Frameworks */,
				71E11A4A2AA54E8A00DA8FF2 /* Resources */,
			);
			buildRules = (
			);
			dependencies = (
				71E11A4E2AA54E8A00DA8FF2 /* PBXTargetDependency */,
			);
			name = IntentUITests;
			productName = IntentUITests;
			productReference = 71E11A4C2AA54E8A00DA8FF2 /* IntentUITests.xctest */;
			productType = "com.apple.product-type.bundle.ui-testing";
		};
/* End PBXNativeTarget section */

/* Begin PBXProject section */
		71E11A2A2AA54E8900DA8FF2 /* Project object */ = {
			isa = PBXProject;
			attributes = {
				BuildIndependentTargetsInParallel = 1;
				LastSwiftUpdateCheck = 1430;
				LastUpgradeCheck = 1430;
				TargetAttributes = {
					71E11A312AA54E8900DA8FF2 = {
						CreatedOnToolsVersion = 14.3.1;
					};
					71E11A412AA54E8A00DA8FF2 = {
						CreatedOnToolsVersion = 14.3.1;
						TestTargetID = 71E11A312AA54E8900DA8FF2;
					};
					71E11A4B2AA54E8A00DA8FF2 = {
						CreatedOnToolsVersion = 14.3.1;
						TestTargetID = 71E11A312AA54E8900DA8FF2;
					};
				};
			};
			buildConfigurationList = 71E11A2D2AA54E8900DA8FF2 /* Build configuration list for PBXProject "Intent" */;
			compatibilityVersion = "Xcode 14.0";
			developmentRegion = en;
			hasScannedForEncodings = 0;
			knownRegions = (
				en,
				Base,
			);
			mainGroup = 71E11A292AA54E8900DA8FF2;
			packageReferences = (
				71E11A792AA5599B00DA8FF2 /* XCRemoteSwiftPackageReference "firebase-ios-sdk" */,
				71E11A982AA67A4300DA8FF2 /* XCRemoteSwiftPackageReference "SDWebImageSwiftUI" */,
			);
			productRefGroup = 71E11A332AA54E8900DA8FF2 /* Products */;
			projectDirPath = "";
			projectRoot = "";
			targets = (
				71E11A312AA54E8900DA8FF2 /* Intent */,
				71E11A412AA54E8A00DA8FF2 /* IntentTests */,
				71E11A4B2AA54E8A00DA8FF2 /* IntentUITests */,
			);
		};
/* End PBXProject section */

/* Begin PBXResourcesBuildPhase section */
		71E11A302AA54E8900DA8FF2 /* Resources */ = {
			isa = PBXResourcesBuildPhase;
			buildActionMask = 2147483647;
			files = (
				71E11A3D2AA54E8A00DA8FF2 /* Preview Assets.xcassets in Resources */,
				71E11A852AA5616500DA8FF2 /* GoogleService-Info.plist in Resources */,
				71E11A3A2AA54E8A00DA8FF2 /* Assets.xcassets in Resources */,
			);
			runOnlyForDeploymentPostprocessing = 0;
		};
		71E11A402AA54E8A00DA8FF2 /* Resources */ = {
			isa = PBXResourcesBuildPhase;
			buildActionMask = 2147483647;
			files = (
			);
			runOnlyForDeploymentPostprocessing = 0;
		};
		71E11A4A2AA54E8A00DA8FF2 /* Resources */ = {
			isa = PBXResourcesBuildPhase;
			buildActionMask = 2147483647;
			files = (
			);
			runOnlyForDeploymentPostprocessing = 0;
		};
/* End PBXResourcesBuildPhase section */

/* Begin PBXSourcesBuildPhase section */
		71E11A2E2AA54E8900DA8FF2 /* Sources */ = {
			isa = PBXSourcesBuildPhase;
			buildActionMask = 2147483647;
			files = (
				71E11ABD2AAA405300DA8FF2 /* RatingAlertView.swift in Sources */,
				71E11AB12AA8F0C600DA8FF2 /* FilterView.swift in Sources */,
				71E11A922AA66BC600DA8FF2 /* ImagePicker.swift in Sources */,
				71E11A6F2AA54F8A00DA8FF2 /* LoginView.swift in Sources */,
				71E11A382AA54E8900DA8FF2 /* ContentView.swift in Sources */,
				71E11AB52AA902FB00DA8FF2 /* PersonalProfileView.swift in Sources */,
				71E11A8C2AA5772400DA8FF2 /* LogoutLinkView.swift in Sources */,
				71E11A972AA679E100DA8FF2 /* CardView.swift in Sources */,
				71E11A892AA569F300DA8FF2 /* CreateProfileView.swift in Sources */,
				71E11AA72AA7CCD000DA8FF2 /* ControllableScrollView.swift in Sources */,
				71E11A782AA5541700DA8FF2 /* ListView.swift in Sources */,
				71E11A752AA553FB00DA8FF2 /* FeedbackView.swift in Sources */,
				71E11A362AA54E8900DA8FF2 /* IntentApp.swift in Sources */,
				71E11AAA2AA81E6500DA8FF2 /* MessagingView.swift in Sources */,
				71E11A942AA66F8C00DA8FF2 /* SessionStore.swift in Sources */,
				71E11AB32AA9004B00DA8FF2 /* RefreshFlag.swift in Sources */,
				71E11A682AA54F4700DA8FF2 /* LoginViewModel.swift in Sources */,
				71E11AA42AA7A6DD00DA8FF2 /* MainView.swift in Sources */,
				71E11A6D2AA54F7700DA8FF2 /* User.swift in Sources */,
				71E11AA12AA6D7F900DA8FF2 /* MatchesView.swift in Sources */,
				71E11AC72AAA6AB400DA8FF2 /* AddRatingView.swift in Sources */,
				71E11A732AA54FA400DA8FF2 /* SwipeableView.swift in Sources */,
				71E11AAC2AA8EAE500DA8FF2 /* Message.swift in Sources */,
				71E11A712AA54F9100DA8FF2 /* ProfileView.swift in Sources */,
				71E11AC52AAA697E00DA8FF2 /* RatingCategoryView.swift in Sources */,
				71E11AC12AAA43AC00DA8FF2 /* Rating.swift in Sources */,
				71E11A6B2AA54F5E00DA8FF2 /* AuthenticationService.swift in Sources */,
				71E11AC32AAA682500DA8FF2 /* UserRatingsView.swift in Sources */,
				71E11AAE2AA8EB3500DA8FF2 /* MessagingViewModel.swift in Sources */,
			);
			runOnlyForDeploymentPostprocessing = 0;
		};
		71E11A3E2AA54E8A00DA8FF2 /* Sources */ = {
			isa = PBXSourcesBuildPhase;
			buildActionMask = 2147483647;
			files = (
				71E11A472AA54E8A00DA8FF2 /* IntentTests.swift in Sources */,
			);
			runOnlyForDeploymentPostprocessing = 0;
		};
		71E11A482AA54E8A00DA8FF2 /* Sources */ = {
			isa = PBXSourcesBuildPhase;
			buildActionMask = 2147483647;
			files = (
				71E11A532AA54E8A00DA8FF2 /* IntentUITestsLaunchTests.swift in Sources */,
				71E11A512AA54E8A00DA8FF2 /* IntentUITests.swift in Sources */,
			);
			runOnlyForDeploymentPostprocessing = 0;
		};
/* End PBXSourcesBuildPhase section */

/* Begin PBXTargetDependency section */
		71E11A442AA54E8A00DA8FF2 /* PBXTargetDependency */ = {
			isa = PBXTargetDependency;
			target = 71E11A312AA54E8900DA8FF2 /* Intent */;
			targetProxy = 71E11A432AA54E8A00DA8FF2 /* PBXContainerItemProxy */;
		};
		71E11A4E2AA54E8A00DA8FF2 /* PBXTargetDependency */ = {
			isa = PBXTargetDependency;
			target = 71E11A312AA54E8900DA8FF2 /* Intent */;
			targetProxy = 71E11A4D2AA54E8A00DA8FF2 /* PBXContainerItemProxy */;
		};
/* End PBXTargetDependency section */

/* Begin XCBuildConfiguration section */
		71E11A542AA54E8A00DA8FF2 /* Debug */ = {
			isa = XCBuildConfiguration;
			buildSettings = {
				ALWAYS_SEARCH_USER_PATHS = NO;
				CLANG_ANALYZER_NONNULL = YES;
				CLANG_ANALYZER_NUMBER_OBJECT_CONVERSION = YES_AGGRESSIVE;
				CLANG_CXX_LANGUAGE_STANDARD = "gnu++20";
				CLANG_ENABLE_MODULES = YES;
				CLANG_ENABLE_OBJC_ARC = YES;
				CLANG_ENABLE_OBJC_WEAK = YES;
				CLANG_WARN_BLOCK_CAPTURE_AUTORELEASING = YES;
				CLANG_WARN_BOOL_CONVERSION = YES;
				CLANG_WARN_COMMA = YES;
				CLANG_WARN_CONSTANT_CONVERSION = YES;
				CLANG_WARN_DEPRECATED_OBJC_IMPLEMENTATIONS = YES;
				CLANG_WARN_DIRECT_OBJC_ISA_USAGE = YES_ERROR;
				CLANG_WARN_DOCUMENTATION_COMMENTS = YES;
				CLANG_WARN_EMPTY_BODY = YES;
				CLANG_WARN_ENUM_CONVERSION = YES;
				CLANG_WARN_INFINITE_RECURSION = YES;
				CLANG_WARN_INT_CONVERSION = YES;
				CLANG_WARN_NON_LITERAL_NULL_CONVERSION = YES;
				CLANG_WARN_OBJC_IMPLICIT_RETAIN_SELF = YES;
				CLANG_WARN_OBJC_LITERAL_CONVERSION = YES;
				CLANG_WARN_OBJC_ROOT_CLASS = YES_ERROR;
				CLANG_WARN_QUOTED_INCLUDE_IN_FRAMEWORK_HEADER = YES;
				CLANG_WARN_RANGE_LOOP_ANALYSIS = YES;
				CLANG_WARN_STRICT_PROTOTYPES = YES;
				CLANG_WARN_SUSPICIOUS_MOVE = YES;
				CLANG_WARN_UNGUARDED_AVAILABILITY = YES_AGGRESSIVE;
				CLANG_WARN_UNREACHABLE_CODE = YES;
				CLANG_WARN__DUPLICATE_METHOD_MATCH = YES;
				COPY_PHASE_STRIP = NO;
				DEBUG_INFORMATION_FORMAT = dwarf;
				ENABLE_STRICT_OBJC_MSGSEND = YES;
				ENABLE_TESTABILITY = YES;
				GCC_C_LANGUAGE_STANDARD = gnu11;
				GCC_DYNAMIC_NO_PIC = NO;
				GCC_NO_COMMON_BLOCKS = YES;
				GCC_OPTIMIZATION_LEVEL = 0;
				GCC_PREPROCESSOR_DEFINITIONS = (
					"DEBUG=1",
					"$(inherited)",
				);
				GCC_WARN_64_TO_32_BIT_CONVERSION = YES;
				GCC_WARN_ABOUT_RETURN_TYPE = YES_ERROR;
				GCC_WARN_UNDECLARED_SELECTOR = YES;
				GCC_WARN_UNINITIALIZED_AUTOS = YES_AGGRESSIVE;
				GCC_WARN_UNUSED_FUNCTION = YES;
				GCC_WARN_UNUSED_VARIABLE = YES;
				IPHONEOS_DEPLOYMENT_TARGET = 16.4;
				MTL_ENABLE_DEBUG_INFO = INCLUDE_SOURCE;
				MTL_FAST_MATH = YES;
				ONLY_ACTIVE_ARCH = YES;
				SDKROOT = iphoneos;
				SWIFT_ACTIVE_COMPILATION_CONDITIONS = DEBUG;
				SWIFT_OPTIMIZATION_LEVEL = "-Onone";
			};
			name = Debug;
		};
		71E11A552AA54E8A00DA8FF2 /* Release */ = {
			isa = XCBuildConfiguration;
			buildSettings = {
				ALWAYS_SEARCH_USER_PATHS = NO;
				CLANG_ANALYZER_NONNULL = YES;
				CLANG_ANALYZER_NUMBER_OBJECT_CONVERSION = YES_AGGRESSIVE;
				CLANG_CXX_LANGUAGE_STANDARD = "gnu++20";
				CLANG_ENABLE_MODULES = YES;
				CLANG_ENABLE_OBJC_ARC = YES;
				CLANG_ENABLE_OBJC_WEAK = YES;
				CLANG_WARN_BLOCK_CAPTURE_AUTORELEASING = YES;
				CLANG_WARN_BOOL_CONVERSION = YES;
				CLANG_WARN_COMMA = YES;
				CLANG_WARN_CONSTANT_CONVERSION = YES;
				CLANG_WARN_DEPRECATED_OBJC_IMPLEMENTATIONS = YES;
				CLANG_WARN_DIRECT_OBJC_ISA_USAGE = YES_ERROR;
				CLANG_WARN_DOCUMENTATION_COMMENTS = YES;
				CLANG_WARN_EMPTY_BODY = YES;
				CLANG_WARN_ENUM_CONVERSION = YES;
				CLANG_WARN_INFINITE_RECURSION = YES;
				CLANG_WARN_INT_CONVERSION = YES;
				CLANG_WARN_NON_LITERAL_NULL_CONVERSION = YES;
				CLANG_WARN_OBJC_IMPLICIT_RETAIN_SELF = YES;
				CLANG_WARN_OBJC_LITERAL_CONVERSION = YES;
				CLANG_WARN_OBJC_ROOT_CLASS = YES_ERROR;
				CLANG_WARN_QUOTED_INCLUDE_IN_FRAMEWORK_HEADER = YES;
				CLANG_WARN_RANGE_LOOP_ANALYSIS = YES;
				CLANG_WARN_STRICT_PROTOTYPES = YES;
				CLANG_WARN_SUSPICIOUS_MOVE = YES;
				CLANG_WARN_UNGUARDED_AVAILABILITY = YES_AGGRESSIVE;
				CLANG_WARN_UNREACHABLE_CODE = YES;
				CLANG_WARN__DUPLICATE_METHOD_MATCH = YES;
				COPY_PHASE_STRIP = NO;
				DEBUG_INFORMATION_FORMAT = "dwarf-with-dsym";
				ENABLE_NS_ASSERTIONS = NO;
				ENABLE_STRICT_OBJC_MSGSEND = YES;
				GCC_C_LANGUAGE_STANDARD = gnu11;
				GCC_NO_COMMON_BLOCKS = YES;
				GCC_WARN_64_TO_32_BIT_CONVERSION = YES;
				GCC_WARN_ABOUT_RETURN_TYPE = YES_ERROR;
				GCC_WARN_UNDECLARED_SELECTOR = YES;
				GCC_WARN_UNINITIALIZED_AUTOS = YES_AGGRESSIVE;
				GCC_WARN_UNUSED_FUNCTION = YES;
				GCC_WARN_UNUSED_VARIABLE = YES;
				IPHONEOS_DEPLOYMENT_TARGET = 16.4;
				MTL_ENABLE_DEBUG_INFO = NO;
				MTL_FAST_MATH = YES;
				SDKROOT = iphoneos;
				SWIFT_COMPILATION_MODE = wholemodule;
				SWIFT_OPTIMIZATION_LEVEL = "-O";
				VALIDATE_PRODUCT = YES;
			};
			name = Release;
		};
		71E11A572AA54E8A00DA8FF2 /* Debug */ = {
			isa = XCBuildConfiguration;
			buildSettings = {
				ASSETCATALOG_COMPILER_APPICON_NAME = AppIcon;
				ASSETCATALOG_COMPILER_GLOBAL_ACCENT_COLOR_NAME = AccentColor;
				CODE_SIGN_STYLE = Automatic;
				CURRENT_PROJECT_VERSION = 1;
				DEVELOPMENT_ASSET_PATHS = "\"Intent/Preview Content\"";
				DEVELOPMENT_TEAM = BU499UN6DZ;
				ENABLE_PREVIEWS = YES;
				GENERATE_INFOPLIST_FILE = YES;
				INFOPLIST_KEY_UIApplicationSceneManifest_Generation = YES;
				INFOPLIST_KEY_UIApplicationSupportsIndirectInputEvents = YES;
				INFOPLIST_KEY_UILaunchScreen_Generation = YES;
				INFOPLIST_KEY_UISupportedInterfaceOrientations_iPad = "UIInterfaceOrientationPortrait UIInterfaceOrientationPortraitUpsideDown UIInterfaceOrientationLandscapeLeft UIInterfaceOrientationLandscapeRight";
				INFOPLIST_KEY_UISupportedInterfaceOrientations_iPhone = "UIInterfaceOrientationPortrait UIInterfaceOrientationLandscapeLeft UIInterfaceOrientationLandscapeRight";
				IPHONEOS_DEPLOYMENT_TARGET = 16.4;
				LD_RUNPATH_SEARCH_PATHS = (
					"$(inherited)",
					"@executable_path/Frameworks",
				);
				MARKETING_VERSION = 1.0;
				PRODUCT_BUNDLE_IDENTIFIER = com.nyaradzobere.Intent;
				PRODUCT_NAME = "$(TARGET_NAME)";
				SWIFT_EMIT_LOC_STRINGS = YES;
				SWIFT_VERSION = 5.0;
				TARGETED_DEVICE_FAMILY = "1,2";
			};
			name = Debug;
		};
		71E11A582AA54E8A00DA8FF2 /* Release */ = {
			isa = XCBuildConfiguration;
			buildSettings = {
				ASSETCATALOG_COMPILER_APPICON_NAME = AppIcon;
				ASSETCATALOG_COMPILER_GLOBAL_ACCENT_COLOR_NAME = AccentColor;
				CODE_SIGN_STYLE = Automatic;
				CURRENT_PROJECT_VERSION = 1;
				DEVELOPMENT_ASSET_PATHS = "\"Intent/Preview Content\"";
				DEVELOPMENT_TEAM = BU499UN6DZ;
				ENABLE_PREVIEWS = YES;
				GENERATE_INFOPLIST_FILE = YES;
				INFOPLIST_KEY_UIApplicationSceneManifest_Generation = YES;
				INFOPLIST_KEY_UIApplicationSupportsIndirectInputEvents = YES;
				INFOPLIST_KEY_UILaunchScreen_Generation = YES;
				INFOPLIST_KEY_UISupportedInterfaceOrientations_iPad = "UIInterfaceOrientationPortrait UIInterfaceOrientationPortraitUpsideDown UIInterfaceOrientationLandscapeLeft UIInterfaceOrientationLandscapeRight";
				INFOPLIST_KEY_UISupportedInterfaceOrientations_iPhone = "UIInterfaceOrientationPortrait UIInterfaceOrientationLandscapeLeft UIInterfaceOrientationLandscapeRight";
				IPHONEOS_DEPLOYMENT_TARGET = 16.4;
				LD_RUNPATH_SEARCH_PATHS = (
					"$(inherited)",
					"@executable_path/Frameworks",
				);
				MARKETING_VERSION = 1.0;
				PRODUCT_BUNDLE_IDENTIFIER = com.nyaradzobere.Intent;
				PRODUCT_NAME = "$(TARGET_NAME)";
				SWIFT_EMIT_LOC_STRINGS = YES;
				SWIFT_VERSION = 5.0;
				TARGETED_DEVICE_FAMILY = "1,2";
			};
			name = Release;
		};
		71E11A5A2AA54E8A00DA8FF2 /* Debug */ = {
			isa = XCBuildConfiguration;
			buildSettings = {
				ALWAYS_EMBED_SWIFT_STANDARD_LIBRARIES = YES;
				BUNDLE_LOADER = "$(TEST_HOST)";
				CODE_SIGN_STYLE = Automatic;
				CURRENT_PROJECT_VERSION = 1;
				DEVELOPMENT_TEAM = BU499UN6DZ;
				GENERATE_INFOPLIST_FILE = YES;
				IPHONEOS_DEPLOYMENT_TARGET = 16.4;
				MARKETING_VERSION = 1.0;
				PRODUCT_BUNDLE_IDENTIFIER = com.nyaradzobere.IntentTests;
				PRODUCT_NAME = "$(TARGET_NAME)";
				SWIFT_EMIT_LOC_STRINGS = NO;
				SWIFT_VERSION = 5.0;
				TARGETED_DEVICE_FAMILY = "1,2";
				TEST_HOST = "$(BUILT_PRODUCTS_DIR)/Intent.app/$(BUNDLE_EXECUTABLE_FOLDER_PATH)/Intent";
			};
			name = Debug;
		};
		71E11A5B2AA54E8A00DA8FF2 /* Release */ = {
			isa = XCBuildConfiguration;
			buildSettings = {
				ALWAYS_EMBED_SWIFT_STANDARD_LIBRARIES = YES;
				BUNDLE_LOADER = "$(TEST_HOST)";
				CODE_SIGN_STYLE = Automatic;
				CURRENT_PROJECT_VERSION = 1;
				DEVELOPMENT_TEAM = BU499UN6DZ;
				GENERATE_INFOPLIST_FILE = YES;
				IPHONEOS_DEPLOYMENT_TARGET = 16.4;
				MARKETING_VERSION = 1.0;
				PRODUCT_BUNDLE_IDENTIFIER = com.nyaradzobere.IntentTests;
				PRODUCT_NAME = "$(TARGET_NAME)";
				SWIFT_EMIT_LOC_STRINGS = NO;
				SWIFT_VERSION = 5.0;
				TARGETED_DEVICE_FAMILY = "1,2";
				TEST_HOST = "$(BUILT_PRODUCTS_DIR)/Intent.app/$(BUNDLE_EXECUTABLE_FOLDER_PATH)/Intent";
			};
			name = Release;
		};
		71E11A5D2AA54E8A00DA8FF2 /* Debug */ = {
			isa = XCBuildConfiguration;
			buildSettings = {
				ALWAYS_EMBED_SWIFT_STANDARD_LIBRARIES = YES;
				CODE_SIGN_STYLE = Automatic;
				CURRENT_PROJECT_VERSION = 1;
				DEVELOPMENT_TEAM = BU499UN6DZ;
				GENERATE_INFOPLIST_FILE = YES;
				MARKETING_VERSION = 1.0;
				PRODUCT_BUNDLE_IDENTIFIER = com.nyaradzobere.IntentUITests;
				PRODUCT_NAME = "$(TARGET_NAME)";
				SWIFT_EMIT_LOC_STRINGS = NO;
				SWIFT_VERSION = 5.0;
				TARGETED_DEVICE_FAMILY = "1,2";
				TEST_TARGET_NAME = Intent;
			};
			name = Debug;
		};
		71E11A5E2AA54E8A00DA8FF2 /* Release */ = {
			isa = XCBuildConfiguration;
			buildSettings = {
				ALWAYS_EMBED_SWIFT_STANDARD_LIBRARIES = YES;
				CODE_SIGN_STYLE = Automatic;
				CURRENT_PROJECT_VERSION = 1;
				DEVELOPMENT_TEAM = BU499UN6DZ;
				GENERATE_INFOPLIST_FILE = YES;
				MARKETING_VERSION = 1.0;
				PRODUCT_BUNDLE_IDENTIFIER = com.nyaradzobere.IntentUITests;
				PRODUCT_NAME = "$(TARGET_NAME)";
				SWIFT_EMIT_LOC_STRINGS = NO;
				SWIFT_VERSION = 5.0;
				TARGETED_DEVICE_FAMILY = "1,2";
				TEST_TARGET_NAME = Intent;
			};
			name = Release;
		};
/* End XCBuildConfiguration section */

/* Begin XCConfigurationList section */
		71E11A2D2AA54E8900DA8FF2 /* Build configuration list for PBXProject "Intent" */ = {
			isa = XCConfigurationList;
			buildConfigurations = (
				71E11A542AA54E8A00DA8FF2 /* Debug */,
				71E11A552AA54E8A00DA8FF2 /* Release */,
			);
			defaultConfigurationIsVisible = 0;
			defaultConfigurationName = Release;
		};
		71E11A562AA54E8A00DA8FF2 /* Build configuration list for PBXNativeTarget "Intent" */ = {
			isa = XCConfigurationList;
			buildConfigurations = (
				71E11A572AA54E8A00DA8FF2 /* Debug */,
				71E11A582AA54E8A00DA8FF2 /* Release */,
			);
			defaultConfigurationIsVisible = 0;
			defaultConfigurationName = Release;
		};
		71E11A592AA54E8A00DA8FF2 /* Build configuration list for PBXNativeTarget "IntentTests" */ = {
			isa = XCConfigurationList;
			buildConfigurations = (
				71E11A5A2AA54E8A00DA8FF2 /* Debug */,
				71E11A5B2AA54E8A00DA8FF2 /* Release */,
			);
			defaultConfigurationIsVisible = 0;
			defaultConfigurationName = Release;
		};
		71E11A5C2AA54E8A00DA8FF2 /* Build configuration list for PBXNativeTarget "IntentUITests" */ = {
			isa = XCConfigurationList;
			buildConfigurations = (
				71E11A5D2AA54E8A00DA8FF2 /* Debug */,
				71E11A5E2AA54E8A00DA8FF2 /* Release */,
			);
			defaultConfigurationIsVisible = 0;
			defaultConfigurationName = Release;
		};
/* End XCConfigurationList section */

/* Begin XCRemoteSwiftPackageReference section */
		71E11A792AA5599B00DA8FF2 /* XCRemoteSwiftPackageReference "firebase-ios-sdk" */ = {
			isa = XCRemoteSwiftPackageReference;
			repositoryURL = "https://github.com/firebase/firebase-ios-sdk.git";
			requirement = {
				kind = upToNextMajorVersion;
				minimumVersion = 10.0.0;
			};
		};
		71E11A982AA67A4300DA8FF2 /* XCRemoteSwiftPackageReference "SDWebImageSwiftUI" */ = {
			isa = XCRemoteSwiftPackageReference;
			repositoryURL = "https://github.com/SDWebImage/SDWebImageSwiftUI.git";
			requirement = {
				kind = upToNextMajorVersion;
				minimumVersion = 2.0.0;
			};
		};
/* End XCRemoteSwiftPackageReference section */

/* Begin XCSwiftPackageProductDependency section */
		71E11A7A2AA5599B00DA8FF2 /* FirebaseAuth */ = {
			isa = XCSwiftPackageProductDependency;
			package = 71E11A792AA5599B00DA8FF2 /* XCRemoteSwiftPackageReference "firebase-ios-sdk" */;
			productName = FirebaseAuth;
		};
		71E11A7C2AA5599B00DA8FF2 /* FirebaseFirestore */ = {
			isa = XCSwiftPackageProductDependency;
			package = 71E11A792AA5599B00DA8FF2 /* XCRemoteSwiftPackageReference "firebase-ios-sdk" */;
			productName = FirebaseFirestore;
		};
		71E11A8E2AA665FC00DA8FF2 /* FirebaseStorage */ = {
			isa = XCSwiftPackageProductDependency;
			package = 71E11A792AA5599B00DA8FF2 /* XCRemoteSwiftPackageReference "firebase-ios-sdk" */;
			productName = FirebaseStorage;
		};
		71E11A992AA67A4300DA8FF2 /* SDWebImageSwiftUI */ = {
			isa = XCSwiftPackageProductDependency;
			package = 71E11A982AA67A4300DA8FF2 /* XCRemoteSwiftPackageReference "SDWebImageSwiftUI" */;
			productName = SDWebImageSwiftUI;
		};
		71E11A9D2AA67E2C00DA8FF2 /* FirebaseFirestoreSwift */ = {
			isa = XCSwiftPackageProductDependency;
			package = 71E11A792AA5599B00DA8FF2 /* XCRemoteSwiftPackageReference "firebase-ios-sdk" */;
			productName = FirebaseFirestoreSwift;
		};
/* End XCSwiftPackageProductDependency section */
	};
	rootObject = 71E11A2A2AA54E8900DA8FF2 /* Project object */;
}
